<?xml version="1.0" encoding="utf-8"?>
<Project ToolsVersion="4.0" xmlns="http://schemas.microsoft.com/developer/msbuild/2003">
  <ItemGroup>
    <Filter Include="ソース ファイル">
      <UniqueIdentifier>{4FC737F1-C7A5-4376-A066-2A32D752A2FF}</UniqueIdentifier>
      <Extensions>cpp;c;cc;cxx;c++;cppm;ixx;def;odl;idl;hpj;bat;asm;asmx</Extensions>
    </Filter>
    <Filter Include="ヘッダー ファイル">
      <UniqueIdentifier>{93995380-89BD-4b04-88EB-625FBE52EBFB}</UniqueIdentifier>
      <Extensions>h;hh;hpp;hxx;h++;hm;inl;inc;ipp;xsd</Extensions>
    </Filter>
    <Filter Include="リソース ファイル">
      <UniqueIdentifier>{67DA6AB6-F800-4c08-8B7A-83BB121AAD01}</UniqueIdentifier>
      <Extensions>rc;ico;cur;bmp;dlg;rc2;rct;bin;rgs;gif;jpg;jpeg;jpe;resx;tiff;tif;png;wav;mfcribbon-ms</Extensions>
    </Filter>
    <Filter Include="ソース ファイル\Util">
      <UniqueIdentifier>{8842f46e-dd0b-4b84-9adf-a151a34eee93}</UniqueIdentifier>
    </Filter>
    <Filter Include="ソース ファイル\Scene">
      <UniqueIdentifier>{a7a5cf7e-ce26-4794-abe5-2b59d8375c4c}</UniqueIdentifier>
    </Filter>
    <Filter Include="ヘッダー ファイル\Util">
      <UniqueIdentifier>{7439f273-cf35-48cc-84fa-298ffac8c336}</UniqueIdentifier>
    </Filter>
    <Filter Include="ヘッダー ファイル\Scene">
      <UniqueIdentifier>{44ca3f3e-661c-4823-b369-e0ec637ca01a}</UniqueIdentifier>
    </Filter>
    <Filter Include="ソース ファイル\Char">
      <UniqueIdentifier>{057e105c-1d19-46a1-a9b0-e00c38aefdd1}</UniqueIdentifier>
    </Filter>
    <Filter Include="ソース ファイル\Char\Player">
      <UniqueIdentifier>{5c03a395-1f4c-4a54-9413-f61f2f7a4688}</UniqueIdentifier>
    </Filter>
    <Filter Include="ヘッダー ファイル\Char">
      <UniqueIdentifier>{de23eeb7-3cb5-41d2-88a4-5e6d1d05733e}</UniqueIdentifier>
    </Filter>
    <Filter Include="ヘッダー ファイル\Char\Player">
      <UniqueIdentifier>{0607f663-2d25-401a-ae8a-287af156ec47}</UniqueIdentifier>
    </Filter>
    <Filter Include="ソース ファイル\Stage">
      <UniqueIdentifier>{a99a9b83-3127-4025-bb80-d3c9f6fadfea}</UniqueIdentifier>
    </Filter>
    <Filter Include="ヘッダー ファイル\Stage">
      <UniqueIdentifier>{604013e3-fca8-446d-a6a0-41a3e3276a1b}</UniqueIdentifier>
    </Filter>
    <Filter Include="ソース ファイル\Char\Enemy">
      <UniqueIdentifier>{2f29d473-8945-441d-8240-391caef01267}</UniqueIdentifier>
    </Filter>
    <Filter Include="ヘッダー ファイル\Char\Enemy">
      <UniqueIdentifier>{33433192-364f-4351-a737-0154c75a3440}</UniqueIdentifier>
    </Filter>
    <Filter Include="ソース ファイル\System">
      <UniqueIdentifier>{7b86e529-c511-42f0-be4b-02dea4158cb1}</UniqueIdentifier>
    </Filter>
    <Filter Include="ヘッダー ファイル\System">
      <UniqueIdentifier>{53b7f9ba-6004-4779-961f-781fb9966027}</UniqueIdentifier>
    </Filter>
  </ItemGroup>
  <ItemGroup>
    <ClCompile Include="main.cpp">
      <Filter>ソース ファイル</Filter>
    </ClCompile>
    <ClCompile Include="Scene\SceneBase.cpp">
      <Filter>ソース ファイル\Scene</Filter>
    </ClCompile>
    <ClCompile Include="Scene\SceneManager.cpp">
      <Filter>ソース ファイル\Scene</Filter>
    </ClCompile>
    <ClCompile Include="Util\Pad.cpp">
      <Filter>ソース ファイル\Util</Filter>
    </ClCompile>
    <ClCompile Include="Scene\SceneTitle.cpp">
      <Filter>ソース ファイル\Scene</Filter>
    </ClCompile>
    <ClCompile Include="Scene\SceneMain.cpp">
      <Filter>ソース ファイル\Scene</Filter>
    </ClCompile>
    <ClCompile Include="Util\GameSetting.cpp">
      <Filter>ソース ファイル\Util</Filter>
    </ClCompile>
    <ClCompile Include="Char\Player\Player.cpp">
      <Filter>ソース ファイル\Char\Player</Filter>
    </ClCompile>
    <ClCompile Include="Char\Model.cpp">
      <Filter>ソース ファイル\Char</Filter>
    </ClCompile>
    <ClCompile Include="Stage\Field.cpp">
      <Filter>ソース ファイル\Stage</Filter>
    </ClCompile>
    <ClCompile Include="Char\Enemy\Enemy.cpp">
      <Filter>ソース ファイル\Char\Enemy</Filter>
    </ClCompile>
    <ClCompile Include="Scene\SceneResult.cpp">
      <Filter>ソース ファイル\Scene</Filter>
    </ClCompile>
    <ClCompile Include="Util\FontFunction.cpp">
      <Filter>ソース ファイル\Util</Filter>
    </ClCompile>
    <ClCompile Include="System\Pause.cpp">
      <Filter>ソース ファイル\System</Filter>
    </ClCompile>
    <ClCompile Include="Char\Enemy\EnemyBase.cpp">
      <Filter>ソース ファイル\Char\Enemy</Filter>
    </ClCompile>
    <ClCompile Include="Char\Enemy\EnemyBig.cpp">
      <Filter>ソース ファイル\Char\Enemy</Filter>
    </ClCompile>
    <ClCompile Include="Stage\BackDrop.cpp">
      <Filter>ソース ファイル\Stage</Filter>
    </ClCompile>
    <ClCompile Include="Object\Scaffold.cpp">
      <Filter>ソース ファイル</Filter>
    </ClCompile>
    <ClCompile Include="System\SoundManager.cpp">
      <Filter>ソース ファイル</Filter>
    </ClCompile>
    <ClCompile Include="Scene\SceneExplanation.cpp">
      <Filter>ソース ファイル</Filter>
    </ClCompile>
  </ItemGroup>
  <ItemGroup>
    <ClInclude Include="Util\game.h">
      <Filter>ヘッダー ファイル\Util</Filter>
    </ClInclude>
    <ClInclude Include="Scene\SceneBase.h">
      <Filter>ヘッダー ファイル\Scene</Filter>
    </ClInclude>
    <ClInclude Include="Scene\SceneManager.h">
      <Filter>ヘッダー ファイル\Scene</Filter>
    </ClInclude>
    <ClInclude Include="Util\Pad.h">
      <Filter>ヘッダー ファイル\Util</Filter>
    </ClInclude>
    <ClInclude Include="Util\common.h">
      <Filter>ヘッダー ファイル\Util</Filter>
    </ClInclude>
    <ClInclude Include="Scene\SceneTitle.h">
      <Filter>ヘッダー ファイル\Scene</Filter>
    </ClInclude>
    <ClInclude Include="Scene\SceneMain.h">
      <Filter>ヘッダー ファイル\Scene</Filter>
    </ClInclude>
    <ClInclude Include="Util\GameSetting.h">
      <Filter>ヘッダー ファイル\Util</Filter>
    </ClInclude>
    <ClInclude Include="Char\Player\Player.h">
      <Filter>ヘッダー ファイル\Char\Player</Filter>
    </ClInclude>
    <ClInclude Include="Char\Model.h">
      <Filter>ヘッダー ファイル\Char</Filter>
    </ClInclude>
    <ClInclude Include="Stage\Field.h">
      <Filter>ヘッダー ファイル\Stage</Filter>
    </ClInclude>
    <ClInclude Include="Char\Enemy\Enemy.h">
      <Filter>ヘッダー ファイル\Char\Enemy</Filter>
    </ClInclude>
    <ClInclude Include="Scene\SceneResult.h">
      <Filter>ヘッダー ファイル\Scene</Filter>
    </ClInclude>
    <ClInclude Include="Util\FontFunction.h">
      <Filter>ヘッダー ファイル\Util</Filter>
    </ClInclude>
    <ClInclude Include="System\Pause.h">
      <Filter>ヘッダー ファイル\System</Filter>
    </ClInclude>
    <ClInclude Include="Char\Enemy\EnemyBase.h">
      <Filter>ヘッダー ファイル\Char\Enemy</Filter>
    </ClInclude>
    <ClInclude Include="Char\Enemy\EnemyBig.h">
      <Filter>ヘッダー ファイル\Char\Enemy</Filter>
    </ClInclude>
    <ClInclude Include="Stage\BackDrop.h">
      <Filter>ヘッダー ファイル\Stage</Filter>
    </ClInclude>
    <ClInclude Include="Object\Scaffold.h">
      <Filter>ヘッダー ファイル</Filter>
    </ClInclude>
    <ClInclude Include="System\SoundManager.h">
      <Filter>ヘッダー ファイル</Filter>
    </ClInclude>
    <ClInclude Include="Scene\SceneExplanation.h">
      <Filter>ヘッダー ファイル</Filter>
    </ClInclude>
  </ItemGroup>
</Project>